
Microsoft Visual Studio Solution File, Format Version 12.00
# Visual Studio 2012
Project("{FAE04EC0-301F-11D3-BF4B-00C04F79EFBC}") = "Valor", "Valor\Valor.csproj", "{36F05A17-27A2-4D2A-BFA3-D2BA9A82F1FC}"
EndProject
Global
	GlobalSection(SolutionConfigurationPlatforms) = preSolution
		Android|Any CPU = Android|Any CPU
		Android|ARM = Android|ARM
		Android|Mixed Platforms = Android|Mixed Platforms
		Android|x64 = Android|x64
		Android|x86 = Android|x86
		Android|Xbox 360 = Android|Xbox 360
		Debug|Any CPU = Debug|Any CPU
		Debug|ARM = Debug|ARM
		Debug|Mixed Platforms = Debug|Mixed Platforms
		Debug|x64 = Debug|x64
		Debug|x86 = Debug|x86
		Debug|Xbox 360 = Debug|Xbox 360
		iOS|Any CPU = iOS|Any CPU
		iOS|ARM = iOS|ARM
		iOS|Mixed Platforms = iOS|Mixed Platforms
		iOS|x64 = iOS|x64
		iOS|x86 = iOS|x86
		iOS|Xbox 360 = iOS|Xbox 360
		Linux|Any CPU = Linux|Any CPU
		Linux|ARM = Linux|ARM
		Linux|Mixed Platforms = Linux|Mixed Platforms
		Linux|x64 = Linux|x64
		Linux|x86 = Linux|x86
		Linux|Xbox 360 = Linux|Xbox 360
		OSX|Any CPU = OSX|Any CPU
		OSX|ARM = OSX|ARM
		OSX|Mixed Platforms = OSX|Mixed Platforms
		OSX|x64 = OSX|x64
		OSX|x86 = OSX|x86
		OSX|Xbox 360 = OSX|Xbox 360
		PSM|Any CPU = PSM|Any CPU
		PSM|ARM = PSM|ARM
		PSM|Mixed Platforms = PSM|Mixed Platforms
		PSM|x64 = PSM|x64
		PSM|x86 = PSM|x86
		PSM|Xbox 360 = PSM|Xbox 360
		Release|Any CPU = Release|Any CPU
		Release|ARM = Release|ARM
		Release|Mixed Platforms = Release|Mixed Platforms
		Release|x64 = Release|x64
		Release|x86 = Release|x86
		Release|Xbox 360 = Release|Xbox 360
		Windows|Any CPU = Windows|Any CPU
		Windows|ARM = Windows|ARM
		Windows|Mixed Platforms = Windows|Mixed Platforms
		Windows|x64 = Windows|x64
		Windows|x86 = Windows|x86
		Windows|Xbox 360 = Windows|Xbox 360
		Windows8|Any CPU = Windows8|Any CPU
		Windows8|ARM = Windows8|ARM
		Windows8|Mixed Platforms = Windows8|Mixed Platforms
		Windows8|x64 = Windows8|x64
		Windows8|x86 = Windows8|x86
		Windows8|Xbox 360 = Windows8|Xbox 360
	EndGlobalSection
	GlobalSection(ProjectConfigurationPlatforms) = postSolution
		{36F05A17-27A2-4D2A-BFA3-D2BA9A82F1FC}.Android|Any CPU.ActiveCfg = Release|Any CPU
		{36F05A17-27A2-4D2A-BFA3-D2BA9A82F1FC}.Android|Any CPU.Build.0 = Release|Any CPU
		{36F05A17-27A2-4D2A-BFA3-D2BA9A82F1FC}.Android|Any CPU.Deploy.0 = Release|Any CPU
		{36F05A17-27A2-4D2A-BFA3-D2BA9A82F1FC}.Android|ARM.ActiveCfg = Release|ARM
		{36F05A17-27A2-4D2A-BFA3-D2BA9A82F1FC}.Android|ARM.Build.0 = Release|ARM
		{36F05A17-27A2-4D2A-BFA3-D2BA9A82F1FC}.Android|ARM.Deploy.0 = Release|ARM
		{36F05A17-27A2-4D2A-BFA3-D2BA9A82F1FC}.Android|Mixed Platforms.ActiveCfg = Debug|x86
		{36F05A17-27A2-4D2A-BFA3-D2BA9A82F1FC}.Android|Mixed Platforms.Build.0 = Debug|x86
		{36F05A17-27A2-4D2A-BFA3-D2BA9A82F1FC}.Android|Mixed Platforms.Deploy.0 = Debug|x86
		{36F05A17-27A2-4D2A-BFA3-D2BA9A82F1FC}.Android|x64.ActiveCfg = Release|x64
		{36F05A17-27A2-4D2A-BFA3-D2BA9A82F1FC}.Android|x64.Build.0 = Release|x64
		{36F05A17-27A2-4D2A-BFA3-D2BA9A82F1FC}.Android|x64.Deploy.0 = Release|x64
		{36F05A17-27A2-4D2A-BFA3-D2BA9A82F1FC}.Android|x86.ActiveCfg = Release|x86
		{36F05A17-27A2-4D2A-BFA3-D2BA9A82F1FC}.Android|x86.Build.0 = Release|x86
		{36F05A17-27A2-4D2A-BFA3-D2BA9A82F1FC}.Android|x86.Deploy.0 = Release|x86
		{36F05A17-27A2-4D2A-BFA3-D2BA9A82F1FC}.Android|Xbox 360.ActiveCfg = Debug|Any CPU
		{36F05A17-27A2-4D2A-BFA3-D2BA9A82F1FC}.Debug|Any CPU.ActiveCfg = Debug|Any CPU
		{36F05A17-27A2-4D2A-BFA3-D2BA9A82F1FC}.Debug|Any CPU.Build.0 = Debug|Any CPU
		{36F05A17-27A2-4D2A-BFA3-D2BA9A82F1FC}.Debug|Any CPU.Deploy.0 = Debug|Any CPU
		{36F05A17-27A2-4D2A-BFA3-D2BA9A82F1FC}.Debug|ARM.ActiveCfg = Debug|ARM
		{36F05A17-27A2-4D2A-BFA3-D2BA9A82F1FC}.Debug|ARM.Build.0 = Debug|ARM
		{36F05A17-27A2-4D2A-BFA3-D2BA9A82F1FC}.Debug|ARM.Deploy.0 = Debug|ARM
		{36F05A17-27A2-4D2A-BFA3-D2BA9A82F1FC}.Debug|Mixed Platforms.ActiveCfg = Debug|x86
		{36F05A17-27A2-4D2A-BFA3-D2BA9A82F1FC}.Debug|Mixed Platforms.Build.0 = Debug|x86
		{36F05A17-27A2-4D2A-BFA3-D2BA9A82F1FC}.Debug|Mixed Platforms.Deploy.0 = Debug|x86
		{36F05A17-27A2-4D2A-BFA3-D2BA9A82F1FC}.Debug|x64.ActiveCfg = Debug|x64
		{36F05A17-27A2-4D2A-BFA3-D2BA9A82F1FC}.Debug|x64.Build.0 = Debug|x64
		{36F05A17-27A2-4D2A-BFA3-D2BA9A82F1FC}.Debug|x64.Deploy.0 = Debug|x64
		{36F05A17-27A2-4D2A-BFA3-D2BA9A82F1FC}.Debug|x86.ActiveCfg = Debug|x86
		{36F05A17-27A2-4D2A-BFA3-D2BA9A82F1FC}.Debug|x86.Build.0 = Debug|x86
		{36F05A17-27A2-4D2A-BFA3-D2BA9A82F1FC}.Debug|x86.Deploy.0 = Debug|x86
		{36F05A17-27A2-4D2A-BFA3-D2BA9A82F1FC}.Debug|Xbox 360.ActiveCfg = Debug|Any CPU
		{36F05A17-27A2-4D2A-BFA3-D2BA9A82F1FC}.iOS|Any CPU.ActiveCfg = Release|Any CPU
		{36F05A17-27A2-4D2A-BFA3-D2BA9A82F1FC}.iOS|Any CPU.Build.0 = Release|Any CPU
		{36F05A17-27A2-4D2A-BFA3-D2BA9A82F1FC}.iOS|Any CPU.Deploy.0 = Release|Any CPU
		{36F05A17-27A2-4D2A-BFA3-D2BA9A82F1FC}.iOS|ARM.ActiveCfg = Release|ARM
		{36F05A17-27A2-4D2A-BFA3-D2BA9A82F1FC}.iOS|ARM.Build.0 = Release|ARM
		{36F05A17-27A2-4D2A-BFA3-D2BA9A82F1FC}.iOS|ARM.Deploy.0 = Release|ARM
		{36F05A17-27A2-4D2A-BFA3-D2BA9A82F1FC}.iOS|Mixed Platforms.ActiveCfg = Debug|x86
		{36F05A17-27A2-4D2A-BFA3-D2BA9A82F1FC}.iOS|Mixed Platforms.Build.0 = Debug|x86
		{36F05A17-27A2-4D2A-BFA3-D2BA9A82F1FC}.iOS|Mixed Platforms.Deploy.0 = Debug|x86
		{36F05A17-27A2-4D2A-BFA3-D2BA9A82F1FC}.iOS|x64.ActiveCfg = Release|x64
		{36F05A17-27A2-4D2A-BFA3-D2BA9A82F1FC}.iOS|x64.Build.0 = Release|x64
		{36F05A17-27A2-4D2A-BFA3-D2BA9A82F1FC}.iOS|x64.Deploy.0 = Release|x64
		{36F05A17-27A2-4D2A-BFA3-D2BA9A82F1FC}.iOS|x86.ActiveCfg = Release|x86
		{36F05A17-27A2-4D2A-BFA3-D2BA9A82F1FC}.iOS|x86.Build.0 = Release|x86
		{36F05A17-27A2-4D2A-BFA3-D2BA9A82F1FC}.iOS|x86.Deploy.0 = Release|x86
		{36F05A17-27A2-4D2A-BFA3-D2BA9A82F1FC}.iOS|Xbox 360.ActiveCfg = Debug|Any CPU
		{36F05A17-27A2-4D2A-BFA3-D2BA9A82F1FC}.Linux|Any CPU.ActiveCfg = Release|Any CPU
		{36F05A17-27A2-4D2A-BFA3-D2BA9A82F1FC}.Linux|Any CPU.Build.0 = Release|Any CPU
		{36F05A17-27A2-4D2A-BFA3-D2BA9A82F1FC}.Linux|Any CPU.Deploy.0 = Release|Any CPU
		{36F05A17-27A2-4D2A-BFA3-D2BA9A82F1FC}.Linux|ARM.ActiveCfg = Release|ARM
		{36F05A17-27A2-4D2A-BFA3-D2BA9A82F1FC}.Linux|ARM.Build.0 = Release|ARM
		{36F05A17-27A2-4D2A-BFA3-D2BA9A82F1FC}.Linux|ARM.Deploy.0 = Release|ARM
		{36F05A17-27A2-4D2A-BFA3-D2BA9A82F1FC}.Linux|Mixed Platforms.ActiveCfg = Debug|x86
		{36F05A17-27A2-4D2A-BFA3-D2BA9A82F1FC}.Linux|Mixed Platforms.Build.0 = Debug|x86
		{36F05A17-27A2-4D2A-BFA3-D2BA9A82F1FC}.Linux|Mixed Platforms.Deploy.0 = Debug|x86
		{36F05A17-27A2-4D2A-BFA3-D2BA9A82F1FC}.Linux|x64.ActiveCfg = Release|x64
		{36F05A17-27A2-4D2A-BFA3-D2BA9A82F1FC}.Linux|x64.Build.0 = Release|x64
		{36F05A17-27A2-4D2A-BFA3-D2BA9A82F1FC}.Linux|x64.Deploy.0 = Release|x64
		{36F05A17-27A2-4D2A-BFA3-D2BA9A82F1FC}.Linux|x86.ActiveCfg = Release|x86
		{36F05A17-27A2-4D2A-BFA3-D2BA9A82F1FC}.Linux|x86.Build.0 = Release|x86
		{36F05A17-27A2-4D2A-BFA3-D2BA9A82F1FC}.Linux|x86.Deploy.0 = Release|x86
		{36F05A17-27A2-4D2A-BFA3-D2BA9A82F1FC}.Linux|Xbox 360.ActiveCfg = Debug|Any CPU
		{36F05A17-27A2-4D2A-BFA3-D2BA9A82F1FC}.OSX|Any CPU.ActiveCfg = Release|Any CPU
		{36F05A17-27A2-4D2A-BFA3-D2BA9A82F1FC}.OSX|Any CPU.Build.0 = Release|Any CPU
		{36F05A17-27A2-4D2A-BFA3-D2BA9A82F1FC}.OSX|Any CPU.Deploy.0 = Release|Any CPU
		{36F05A17-27A2-4D2A-BFA3-D2BA9A82F1FC}.OSX|ARM.ActiveCfg = Release|ARM
		{36F05A17-27A2-4D2A-BFA3-D2BA9A82F1FC}.OSX|ARM.Build.0 = Release|ARM
		{36F05A17-27A2-4D2A-BFA3-D2BA9A82F1FC}.OSX|ARM.Deploy.0 = Release|ARM
		{36F05A17-27A2-4D2A-BFA3-D2BA9A82F1FC}.OSX|Mixed Platforms.ActiveCfg = Debug|x86
		{36F05A17-27A2-4D2A-BFA3-D2BA9A82F1FC}.OSX|Mixed Platforms.Build.0 = Debug|x86
		{36F05A17-27A2-4D2A-BFA3-D2BA9A82F1FC}.OSX|Mixed Platforms.Deploy.0 = Debug|x86
		{36F05A17-27A2-4D2A-BFA3-D2BA9A82F1FC}.OSX|x64.ActiveCfg = Release|x64
		{36F05A17-27A2-4D2A-BFA3-D2BA9A82F1FC}.OSX|x64.Build.0 = Release|x64
		{36F05A17-27A2-4D2A-BFA3-D2BA9A82F1FC}.OSX|x64.Deploy.0 = Release|x64
		{36F05A17-27A2-4D2A-BFA3-D2BA9A82F1FC}.OSX|x86.ActiveCfg = Release|x86
		{36F05A17-27A2-4D2A-BFA3-D2BA9A82F1FC}.OSX|x86.Build.0 = Release|x86
		{36F05A17-27A2-4D2A-BFA3-D2BA9A82F1FC}.OSX|x86.Deploy.0 = Release|x86
		{36F05A17-27A2-4D2A-BFA3-D2BA9A82F1FC}.OSX|Xbox 360.ActiveCfg = Debug|Any CPU
		{36F05A17-27A2-4D2A-BFA3-D2BA9A82F1FC}.PSM|Any CPU.ActiveCfg = Release|Any CPU
		{36F05A17-27A2-4D2A-BFA3-D2BA9A82F1FC}.PSM|Any CPU.Build.0 = Release|Any CPU
		{36F05A17-27A2-4D2A-BFA3-D2BA9A82F1FC}.PSM|Any CPU.Deploy.0 = Release|Any CPU
		{36F05A17-27A2-4D2A-BFA3-D2BA9A82F1FC}.PSM|ARM.ActiveCfg = Release|ARM
		{36F05A17-27A2-4D2A-BFA3-D2BA9A82F1FC}.PSM|ARM.Build.0 = Release|ARM
		{36F05A17-27A2-4D2A-BFA3-D2BA9A82F1FC}.PSM|ARM.Deploy.0 = Release|ARM
		{36F05A17-27A2-4D2A-BFA3-D2BA9A82F1FC}.PSM|Mixed Platforms.ActiveCfg = Debug|x86
		{36F05A17-27A2-4D2A-BFA3-D2BA9A82F1FC}.PSM|Mixed Platforms.Build.0 = Debug|x86
		{36F05A17-27A2-4D2A-BFA3-D2BA9A82F1FC}.PSM|Mixed Platforms.Deploy.0 = Debug|x86
		{36F05A17-27A2-4D2A-BFA3-D2BA9A82F1FC}.PSM|x64.ActiveCfg = Release|x64
		{36F05A17-27A2-4D2A-BFA3-D2BA9A82F1FC}.PSM|x64.Build.0 = Release|x64
		{36F05A17-27A2-4D2A-BFA3-D2BA9A82F1FC}.PSM|x64.Deploy.0 = Release|x64
		{36F05A17-27A2-4D2A-BFA3-D2BA9A82F1FC}.PSM|x86.ActiveCfg = Release|x86
		{36F05A17-27A2-4D2A-BFA3-D2BA9A82F1FC}.PSM|x86.Build.0 = Release|x86
		{36F05A17-27A2-4D2A-BFA3-D2BA9A82F1FC}.PSM|x86.Deploy.0 = Release|x86
		{36F05A17-27A2-4D2A-BFA3-D2BA9A82F1FC}.PSM|Xbox 360.ActiveCfg = Debug|Any CPU
		{36F05A17-27A2-4D2A-BFA3-D2BA9A82F1FC}.Release|Any CPU.ActiveCfg = Release|Any CPU
		{36F05A17-27A2-4D2A-BFA3-D2BA9A82F1FC}.Release|Any CPU.Build.0 = Release|Any CPU
		{36F05A17-27A2-4D2A-BFA3-D2BA9A82F1FC}.Release|Any CPU.Deploy.0 = Release|Any CPU
		{36F05A17-27A2-4D2A-BFA3-D2BA9A82F1FC}.Release|ARM.ActiveCfg = Release|ARM
		{36F05A17-27A2-4D2A-BFA3-D2BA9A82F1FC}.Release|ARM.Build.0 = Release|ARM
		{36F05A17-27A2-4D2A-BFA3-D2BA9A82F1FC}.Release|ARM.Deploy.0 = Release|ARM
		{36F05A17-27A2-4D2A-BFA3-D2BA9A82F1FC}.Release|Mixed Platforms.ActiveCfg = Release|x86
		{36F05A17-27A2-4D2A-BFA3-D2BA9A82F1FC}.Release|Mixed Platforms.Build.0 = Release|x86
		{36F05A17-27A2-4D2A-BFA3-D2BA9A82F1FC}.Release|Mixed Platforms.Deploy.0 = Release|x86
		{36F05A17-27A2-4D2A-BFA3-D2BA9A82F1FC}.Release|x64.ActiveCfg = Release|x64
		{36F05A17-27A2-4D2A-BFA3-D2BA9A82F1FC}.Release|x64.Build.0 = Release|x64
		{36F05A17-27A2-4D2A-BFA3-D2BA9A82F1FC}.Release|x64.Deploy.0 = Release|x64
		{36F05A17-27A2-4D2A-BFA3-D2BA9A82F1FC}.Release|x86.ActiveCfg = Release|x86
		{36F05A17-27A2-4D2A-BFA3-D2BA9A82F1FC}.Release|x86.Build.0 = Release|x86
		{36F05A17-27A2-4D2A-BFA3-D2BA9A82F1FC}.Release|x86.Deploy.0 = Release|x86
		{36F05A17-27A2-4D2A-BFA3-D2BA9A82F1FC}.Release|Xbox 360.ActiveCfg = Release|Any CPU
		{36F05A17-27A2-4D2A-BFA3-D2BA9A82F1FC}.Windows|Any CPU.ActiveCfg = Release|Any CPU
		{36F05A17-27A2-4D2A-BFA3-D2BA9A82F1FC}.Windows|Any CPU.Build.0 = Release|Any CPU
		{36F05A17-27A2-4D2A-BFA3-D2BA9A82F1FC}.Windows|Any CPU.Deploy.0 = Release|Any CPU
		{36F05A17-27A2-4D2A-BFA3-D2BA9A82F1FC}.Windows|ARM.ActiveCfg = Release|ARM
		{36F05A17-27A2-4D2A-BFA3-D2BA9A82F1FC}.Windows|ARM.Build.0 = Release|ARM
		{36F05A17-27A2-4D2A-BFA3-D2BA9A82F1FC}.Windows|ARM.Deploy.0 = Release|ARM
		{36F05A17-27A2-4D2A-BFA3-D2BA9A82F1FC}.Windows|Mixed Platforms.ActiveCfg = Debug|x86
		{36F05A17-27A2-4D2A-BFA3-D2BA9A82F1FC}.Windows|Mixed Platforms.Build.0 = Debug|x86
		{36F05A17-27A2-4D2A-BFA3-D2BA9A82F1FC}.Windows|Mixed Platforms.Deploy.0 = Debug|x86
		{36F05A17-27A2-4D2A-BFA3-D2BA9A82F1FC}.Windows|x64.ActiveCfg = Release|x64
		{36F05A17-27A2-4D2A-BFA3-D2BA9A82F1FC}.Windows|x64.Build.0 = Release|x64
		{36F05A17-27A2-4D2A-BFA3-D2BA9A82F1FC}.Windows|x64.Deploy.0 = Release|x64
		{36F05A17-27A2-4D2A-BFA3-D2BA9A82F1FC}.Windows|x86.ActiveCfg = Release|x86
		{36F05A17-27A2-4D2A-BFA3-D2BA9A82F1FC}.Windows|x86.Build.0 = Release|x86
		{36F05A17-27A2-4D2A-BFA3-D2BA9A82F1FC}.Windows|x86.Deploy.0 = Release|x86
		{36F05A17-27A2-4D2A-BFA3-D2BA9A82F1FC}.Windows|Xbox 360.ActiveCfg = Debug|Any CPU
		{36F05A17-27A2-4D2A-BFA3-D2BA9A82F1FC}.Windows8|Any CPU.ActiveCfg = Release|Any CPU
		{36F05A17-27A2-4D2A-BFA3-D2BA9A82F1FC}.Windows8|Any CPU.Build.0 = Release|Any CPU
		{36F05A17-27A2-4D2A-BFA3-D2BA9A82F1FC}.Windows8|Any CPU.Deploy.0 = Release|Any CPU
		{36F05A17-27A2-4D2A-BFA3-D2BA9A82F1FC}.Windows8|ARM.ActiveCfg = Release|ARM
		{36F05A17-27A2-4D2A-BFA3-D2BA9A82F1FC}.Windows8|ARM.Build.0 = Release|ARM
		{36F05A17-27A2-4D2A-BFA3-D2BA9A82F1FC}.Windows8|ARM.Deploy.0 = Release|ARM
		{36F05A17-27A2-4D2A-BFA3-D2BA9A82F1FC}.Windows8|Mixed Platforms.ActiveCfg = Debug|x86
		{36F05A17-27A2-4D2A-BFA3-D2BA9A82F1FC}.Windows8|Mixed Platforms.Build.0 = Debug|x86
		{36F05A17-27A2-4D2A-BFA3-D2BA9A82F1FC}.Windows8|Mixed Platforms.Deploy.0 = Debug|x86
		{36F05A17-27A2-4D2A-BFA3-D2BA9A82F1FC}.Windows8|x64.ActiveCfg = Release|x64
		{36F05A17-27A2-4D2A-BFA3-D2BA9A82F1FC}.Windows8|x64.Build.0 = Release|x64
		{36F05A17-27A2-4D2A-BFA3-D2BA9A82F1FC}.Windows8|x64.Deploy.0 = Release|x64
		{36F05A17-27A2-4D2A-BFA3-D2BA9A82F1FC}.Windows8|x86.ActiveCfg = Release|x86
		{36F05A17-27A2-4D2A-BFA3-D2BA9A82F1FC}.Windows8|x86.Build.0 = Release|x86
		{36F05A17-27A2-4D2A-BFA3-D2BA9A82F1FC}.Windows8|x86.Deploy.0 = Release|x86
		{36F05A17-27A2-4D2A-BFA3-D2BA9A82F1FC}.Windows8|Xbox 360.ActiveCfg = Debug|Any CPU
	EndGlobalSection
	GlobalSection(SolutionProperties) = preSolution
		HideSolutionNode = FALSE
	EndGlobalSection
EndGlobal
